// !$*UTF8*$!
{
	archiveVersion = 1;
	classes = {
	};
	objectVersion = 50;
	objects = {

/* Begin PBXBuildFile section */
		CC533EB722AA5A8200A89119 /* AppDelegate.swift in Sources */ = {isa = PBXBuildFile; fileRef = CC533EB622AA5A8200A89119 /* AppDelegate.swift */; };
		CC533EB922AA5A8200A89119 /* ViewController.swift in Sources */ = {isa = PBXBuildFile; fileRef = CC533EB822AA5A8200A89119 /* ViewController.swift */; };
		CC533EBC22AA5A8200A89119 /* Main.storyboard in Resources */ = {isa = PBXBuildFile; fileRef = CC533EBA22AA5A8200A89119 /* Main.storyboard */; };
		CC533EBF22AA5A8200A89119 /* Lab_8_part2.xcdatamodeld in Sources */ = {isa = PBXBuildFile; fileRef = CC533EBD22AA5A8200A89119 /* Lab_8_part2.xcdatamodeld */; };
		CC533EC122AA5A8300A89119 /* Assets.xcassets in Resources */ = {isa = PBXBuildFile; fileRef = CC533EC022AA5A8300A89119 /* Assets.xcassets */; };
		CC533EC422AA5A8300A89119 /* LaunchScreen.storyboard in Resources */ = {isa = PBXBuildFile; fileRef = CC533EC222AA5A8300A89119 /* LaunchScreen.storyboard */; };
/* End PBXBuildFile section */

/* Begin PBXFileReference section */
		CC533EB322AA5A8200A89119 /* Lab_8_part2.app */ = {isa = PBXFileReference; explicitFileType = wrapper.application; includeInIndex = 0; path = Lab_8_part2.app; sourceTree = BUILT_PRODUCTS_DIR; };
		CC533EB622AA5A8200A89119 /* AppDelegate.swift */ = {isa = PBXFileReference; lastKnownFileType = sourcecode.swift; path = AppDelegate.swift; sourceTree = "<group>"; };
		CC533EB822AA5A8200A89119 /* ViewController.swift */ = {isa = PBXFileReference; lastKnownFileType = sourcecode.swift; path = ViewController.swift; sourceTree = "<group>"; };
		CC533EBB22AA5A8200A89119 /* Base */ = {isa = PBXFileReference; lastKnownFileType = file.storyboard; name = Base; path = Base.lproj/Main.storyboard; sourceTree = "<group>"; };
		CC533EBE22AA5A8200A89119 /* Lab_8_part2.xcdatamodel */ = {isa = PBXFileReference; lastKnownFileType = wrapper.xcdatamodel; path = Lab_8_part2.xcdatamodel; sourceTree = "<group>"; };
		CC533EC022AA5A8300A89119 /* Assets.xcassets */ = {isa = PBXFileReference; lastKnownFileType = folder.assetcatalog; path = Assets.xcassets; sourceTree = "<group>"; };
		CC533EC322AA5A8300A89119 /* Base */ = {isa = PBXFileReference; lastKnownFileType = file.storyboard; name = Base; path = Base.lproj/LaunchScreen.storyboard; sourceTree = "<group>"; };
		CC533EC522AA5A8300A89119 /* Info.plist */ = {isa = PBXFileReference; lastKnownFileType = text.plist.xml; path = Info.plist; sourceTree = "<group>"; };
/* End PBXFileReference section */

/* Begin PBXFrameworksBuildPhase section */
		CC533EB022AA5A8200A89119 /* Frameworks */ = {
			isa = PBXFrameworksBuildPhase;
			buildActionMask = 2147483647;
			files = (
			);
			runOnlyForDeploymentPostprocessing = 0;
		};
/* End PBXFrameworksBuildPhase section */

/* Begin PBXGroup section */
		CC533EAA22AA5A8200A89119 = {
			isa = PBXGroup;
			children = (
				CC533EB522AA5A8200A89119 /* Lab_8_part2 */,
				CC533EB422AA5A8200A89119 /* Products */,
			);
			sourceTree = "<group>";
		};
		CC533EB422AA5A8200A89119 /* Products */ = {
			isa = PBXGroup;
			children = (
				CC533EB322AA5A8200A89119 /* Lab_8_part2.app */,
			);
			name = Products;
			sourceTree = "<group>";
		};
		CC533EB522AA5A8200A89119 /* Lab_8_part2 */ = {
			isa = PBXGroup;
			children = (
				CC533EB622AA5A8200A89119 /* AppDelegate.swift */,
				CC533EB822AA5A8200A89119 /* ViewController.swift */,
				CC533EBA22AA5A8200A89119 /* Main.storyboard */,
				CC533EC022AA5A8300A89119 /* Assets.xcassets */,
				CC533EC222AA5A8300A89119 /* LaunchScreen.storyboard */,
				CC533EC522AA5A8300A89119 /* Info.plist */,
				CC533EBD22AA5A8200A89119 /* Lab_8_part2.xcdatamodeld */,
			);
			path = Lab_8_part2;
			sourceTree = "<group>";
		};
/* End PBXGroup section */

/* Begin PBXNativeTarget section */
		CC533EB222AA5A8200A89119 /* Lab_8_part2 */ = {
			isa = PBXNativeTarget;
			buildConfigurationList = CC533EC822AA5A8400A89119 /* Build configuration list for PBXNativeTarget "Lab_8_part2" */;
			buildPhases = (
				CC533EAF22AA5A8200A89119 /* Sources */,
				CC533EB022AA5A8200A89119 /* Frameworks */,
				CC533EB122AA5A8200A89119 /* Resources */,
			);
			buildRules = (
			);
			dependencies = (
			);
			name = Lab_8_part2;
			productName = Lab_8_part2;
			productReference = CC533EB322AA5A8200A89119 /* Lab_8_part2.app */;
			productType = "com.apple.product-type.application";
		};
/* End PBXNativeTarget section */

/* Begin PBXProject section */
		CC533EAB22AA5A8200A89119 /* Project object */ = {
			isa = PBXProject;
			attributes = {
				LastSwiftUpdateCheck = 1010;
				LastUpgradeCheck = 1010;
				ORGANIZATIONNAME = "Валентин Петров";
				TargetAttributes = {
					CC533EB222AA5A8200A89119 = {
						CreatedOnToolsVersion = 10.1;
					};
				};
			};
			buildConfigurationList = CC533EAE22AA5A8200A89119 /* Build configuration list for PBXProject "Lab_8_part2" */;
			compatibilityVersion = "Xcode 9.3";
			developmentRegion = en;
			hasScannedForEncodings = 0;
			knownRegions = (
				en,
				Base,
			);
			mainGroup = CC533EAA22AA5A8200A89119;
			productRefGroup = CC533EB422AA5A8200A89119 /* Products */;
			projectDirPath = "";
			projectRoot = "";
			targets = (
				CC533EB222AA5A8200A89119 /* Lab_8_part2 */,
			);
		};
/* End PBXProject section */

/* Begin PBXResourcesBuildPhase section */
		CC533EB122AA5A8200A89119 /* Resources */ = {
			isa = PBXResourcesBuildPhase;
			buildActionMask = 2147483647;
			files = (
				CC533EC422AA5A8300A89119 /* LaunchScreen.storyboard in Resources */,
				CC533EC122AA5A8300A89119 /* Assets.xcassets in Resources */,
				CC533EBC22AA5A8200A89119 /* Main.storyboard in Resources */,
			);
			runOnlyForDeploymentPostprocessing = 0;
		};
/* End PBXResourcesBuildPhase section */

/* Begin PBXSourcesBuildPhase section */
		CC533EAF22AA5A8200A89119 /* Sources */ = {
			isa = PBXSourcesBuildPhase;
			buildActionMask = 2147483647;
			files = (
				CC533EB922AA5A8200A89119 /* ViewController.swift in Sources */,
				CC533EB722AA5A8200A89119 /* AppDelegate.swift in Sources */,
				CC533EBF22AA5A8200A89119 /* Lab_8_part2.xcdatamodeld in Sources */,
			);
			runOnlyForDeploymentPostprocessing = 0;
		};
/* End PBXSourcesBuildPhase section */

/* Begin PBXVariantGroup section */
		CC533EBA22AA5A8200A89119 /* Main.storyboard */ = {
			isa = PBXVariantGroup;
			children = (
				CC533EBB22AA5A8200A89119 /* Base */,
			);
			name = Main.storyboard;
			sourceTree = "<group>";
		};
		CC533EC222AA5A8300A89119 /* LaunchScreen.storyboard */ = {
			isa = PBXVariantGroup;
			children = (
				CC533EC322AA5A8300A89119 /* Base */,
			);
			name = LaunchScreen.storyboard;
			sourceTree = "<group>";
		};
/* End PBXVariantGroup section */

/* Begin XCBuildConfiguration section */
		CC533EC622AA5A8300A89119 /* Debug */ = {
			isa = XCBuildConfiguration;
			buildSettings = {
				ALWAYS_SEARCH_USER_PATHS = NO;
				CLANG_ANALYZER_NONNULL = YES;
				CLANG_ANALYZER_NUMBER_OBJECT_CONVERSION = YES_AGGRESSIVE;
				CLANG_CXX_LANGUAGE_STANDARD = "gnu++14";
				CLANG_CXX_LIBRARY = "libc++";
				CLANG_ENABLE_MODULES = YES;
				CLANG_ENABLE_OBJC_ARC = YES;
				CLANG_ENABLE_OBJC_WEAK = YES;
				CLANG_WARN_BLOCK_CAPTURE_AUTORELEASING = YES;
				CLANG_WARN_BOOL_CONVERSION = YES;
				CLANG_WARN_COMMA = YES;
				CLANG_WARN_CONSTANT_CONVERSION = YES;
				CLANG_WARN_DEPRECATED_OBJC_IMPLEMENTATIONS = YES;
				CLANG_WARN_DIRECT_OBJC_ISA_USAGE = YES_ERROR;
				CLANG_WARN_DOCUMENTATION_COMMENTS = YES;
				CLANG_WARN_EMPTY_BODY = YES;
				CLANG_WARN_ENUM_CONVERSION = YES;
				CLANG_WARN_INFINITE_RECURSION = YES;
				CLANG_WARN_INT_CONVERSION = YES;
				CLANG_WARN_NON_LITERAL_NULL_CONVERSION = YES;
				CLANG_WARN_OBJC_IMPLICIT_RETAIN_SELF = YES;
				CLANG_WARN_OBJC_LITERAL_CONVERSION = YES;
				CLANG_WARN_OBJC_ROOT_CLASS = YES_ERROR;
				CLANG_WARN_RANGE_LOOP_ANALYSIS = YES;
				CLANG_WARN_STRICT_PROTOTYPES = YES;
				CLANG_WARN_SUSPICIOUS_MOVE = YES;
				CLANG_WARN_UNGUARDED_AVAILABILITY = YES_AGGRESSIVE;
				CLANG_WARN_UNREACHABLE_CODE = YES;
				CLANG_WARN__DUPLICATE_METHOD_MATCH = YES;
				CODE_SIGN_IDENTITY = "iPhone Developer";
				COPY_PHASE_STRIP = NO;
				DEBUG_INFORMATION_FORMAT = dwarf;
				ENABLE_STRICT_OBJC_MSGSEND = YES;
				ENABLE_TESTABILITY = YES;
				GCC_C_LANGUAGE_STANDARD = gnu11;
				GCC_DYNAMIC_NO_PIC = NO;
				GCC_NO_COMMON_BLOCKS = YES;
				GCC_OPTIMIZATION_LEVEL = 0;
				GCC_PREPROCESSOR_DEFINITIONS = (
					"DEBUG=1",
					"$(inherited)",
				);
				GCC_WARN_64_TO_32_BIT_CONVERSION = YES;
				GCC_WARN_ABOUT_RETURN_TYPE = YES_ERROR;
				GCC_WARN_UNDECLARED_SELECTOR = YES;
				GCC_WARN_UNINITIALIZED_AUTOS = YES_AGGRESSIVE;
				GCC_WARN_UNUSED_FUNCTION = YES;
				GCC_WARN_UNUSED_VARIABLE = YES;
				IPHONEOS_DEPLOYMENT_TARGET = 12.1;
				MTL_ENABLE_DEBUG_INFO = INCLUDE_SOURCE;
				MTL_FAST_MATH = YES;
				ONLY_ACTIVE_ARCH = YES;
				SDKROOT = iphoneos;
				SWIFT_ACTIVE_COMPILATION_CONDITIONS = DEBUG;
				SWIFT_OPTIMIZATION_LEVEL = "-Onone";
			};
			name = Debug;
		};
		CC533EC722AA5A8300A89119 /* Release */ = {
			isa = XCBuildConfiguration;
			buildSettings = {
				ALWAYS_SEARCH_USER_PATHS = NO;
				CLANG_ANALYZER_NONNULL = YES;
				CLANG_ANALYZER_NUMBER_OBJECT_CONVERSION = YES_AGGRESSIVE;
				CLANG_CXX_LANGUAGE_STANDARD = "gnu++14";
				CLANG_CXX_LIBRARY = "libc++";
				CLANG_ENABLE_MODULES = YES;
				CLANG_ENABLE_OBJC_ARC = YES;
				CLANG_ENABLE_OBJC_WEAK = YES;
				CLANG_WARN_BLOCK_CAPTURE_AUTORELEASING = YES;
				CLANG_WARN_BOOL_CONVERSION = YES;
				CLANG_WARN_COMMA = YES;
				CLANG_WARN_CONSTANT_CONVERSION = YES;
				CLANG_WARN_DEPRECATED_OBJC_IMPLEMENTATIONS = YES;
				CLANG_WARN_DIRECT_OBJC_ISA_USAGE = YES_ERROR;
				CLANG_WARN_DOCUMENTATION_COMMENTS = YES;
				CLANG_WARN_EMPTY_BODY = YES;
				CLANG_WARN_ENUM_CONVERSION = YES;
				CLANG_WARN_INFINITE_RECURSION = YES;
				CLANG_WARN_INT_CONVERSION = YES;
				CLANG_WARN_NON_LITERAL_NULL_CONVERSION = YES;
				CLANG_WARN_OBJC_IMPLICIT_RETAIN_SELF = YES;
				CLANG_WARN_OBJC_LITERAL_CONVERSION = YES;
				CLANG_WARN_OBJC_ROOT_CLASS = YES_ERROR;
				CLANG_WARN_RANGE_LOOP_ANALYSIS = YES;
				CLANG_WARN_STRICT_PROTOTYPES = YES;
				CLANG_WARN_SUSPICIOUS_MOVE = YES;
				CLANG_WARN_UNGUARDED_AVAILABILITY = YES_AGGRESSIVE;
				CLANG_WARN_UNREACHABLE_CODE = YES;
				CLANG_WARN__DUPLICATE_METHOD_MATCH = YES;
				CODE_SIGN_IDENTITY = "iPhone Developer";
				COPY_PHASE_STRIP = NO;
				DEBUG_INFORMATION_FORMAT = "dwarf-with-dsym";
				ENABLE_NS_ASSERTIONS = NO;
				ENABLE_STRICT_OBJC_MSGSEND = YES;
				GCC_C_LANGUAGE_STANDARD = gnu11;
				GCC_NO_COMMON_BLOCKS = YES;
				GCC_WARN_64_TO_32_BIT_CONVERSION = YES;
				GCC_WARN_ABOUT_RETURN_TYPE = YES_ERROR;
				GCC_WARN_UNDECLARED_SELECTOR = YES;
				GCC_WARN_UNINITIALIZED_AUTOS = YES_AGGRESSIVE;
				GCC_WARN_UNUSED_FUNCTION = YES;
				GCC_WARN_UNUSED_VARIABLE = YES;
				IPHONEOS_DEPLOYMENT_TARGET = 12.1;
				MTL_ENABLE_DEBUG_INFO = NO;
				MTL_FAST_MATH = YES;
				SDKROOT = iphoneos;
				SWIFT_COMPILATION_MODE = wholemodule;
				SWIFT_OPTIMIZATION_LEVEL = "-O";
				VALIDATE_PRODUCT = YES;
			};
			name = Release;
		};
		CC533EC922AA5A8400A89119 /* Debug */ = {
			isa = XCBuildConfiguration;
			buildSettings = {
				ASSETCATALOG_COMPILER_APPICON_NAME = AppIcon;
				CODE_SIGN_STYLE = Automatic;
				INFOPLIST_FILE = Lab_8_part2/Info.plist;
				LD_RUNPATH_SEARCH_PATHS = (
					"$(inherited)",
					"@executable_path/Frameworks",
				);
				PRODUCT_BUNDLE_IDENTIFIER = "VP.Lab-8-part2";
				PRODUCT_NAME = "$(TARGET_NAME)";
				SWIFT_VERSION = 4.2;
				TARGETED_DEVICE_FAMILY = "1,2";
			};
			name = Debug;
		};
		CC533ECA22AA5A8400A89119 /* Release */ = {
			isa = XCBuildConfiguration;
			buildSettings = {
				ASSETCATALOG_COMPILER_APPICON_NAME = AppIcon;
				CODE_SIGN_STYLE = Automatic;
				INFOPLIST_FILE = Lab_8_part2/Info.plist;
				LD_RUNPATH_SEARCH_PATHS = (
					"$(inherited)",
					"@executable_path/Frameworks",
				);
				PRODUCT_BUNDLE_IDENTIFIER = "VP.Lab-8-part2";
				PRODUCT_NAME = "$(TARGET_NAME)";
				SWIFT_VERSION = 4.2;
				TARGETED_DEVICE_FAMILY = "1,2";
			};
			name = Release;
		};
/* End XCBuildConfiguration section */

/* Begin XCConfigurationList section */
		CC533EAE22AA5A8200A89119 /* Build configuration list for PBXProject "Lab_8_part2" */ = {
			isa = XCConfigurationList;
			buildConfigurations = (
				CC533EC622AA5A8300A89119 /* Debug */,
				CC533EC722AA5A8300A89119 /* Release */,
			);
			defaultConfigurationIsVisible = 0;
			defaultConfigurationName = Release;
		};
		CC533EC822AA5A8400A89119 /* Build configuration list for PBXNativeTarget "Lab_8_part2" */ = {
			isa = XCConfigurationList;
			buildConfigurations = (
				CC533EC922AA5A8400A89119 /* Debug */,
				CC533ECA22AA5A8400A89119 /* Release */,
			);
			defaultConfigurationIsVisible = 0;
			defaultConfigurationName = Release;
		};
/* End XCConfigurationList section */

/* Begin XCVersionGroup section */
		CC533EBD22AA5A8200A89119 /* Lab_8_part2.xcdatamodeld */ = {
			isa = XCVersionGroup;
			children = (
				CC533EBE22AA5A8200A89119 /* Lab_8_part2.xcdatamodel */,
			);
			currentVersion = CC533EBE22AA5A8200A89119 /* Lab_8_part2.xcdatamodel */;
			path = Lab_8_part2.xcdatamodeld;
			sourceTree = "<group>";
			versionGroupType = wrapper.xcdatamodel;
		};
/* End XCVersionGroup section */
	};
	rootObject = CC533EAB22AA5A8200A89119 /* Project object */;
}
